
Microsoft Visual Studio Solution File, Format Version 12.00
# Visual Studio 15
Project("{FAE04EC0-301F-11D3-BF4B-00C04F79EFBC}") = "Assembly-CSharp", "Assembly-CSharp.csproj", "{1B98B688-501A-3FA9-A0E7-CD8017A91CCB}"
EndProject
Project("{FAE04EC0-301F-11D3-BF4B-00C04F79EFBC}") = "Assembly-CSharp-Editor", "Assembly-CSharp-Editor.csproj", "{EBB5960E-491A-3BC1-16E0-3E8581CD10B6}"
EndProject
Global
	GlobalSection(SolutionConfigurationPlatforms) = preSolution
		Debug|Any CPU = Debug|Any CPU
		Release|Any CPU = Release|Any CPU
	EndGlobalSection
	GlobalSection(ProjectConfigurationPlatforms) = postSolution
		{1B98B688-501A-3FA9-A0E7-CD8017A91CCB}.Debug|Any CPU.ActiveCfg = Debug|Any CPU
		{1B98B688-501A-3FA9-A0E7-CD8017A91CCB}.Debug|Any CPU.Build.0 = Debug|Any CPU
		{1B98B688-501A-3FA9-A0E7-CD8017A91CCB}.Release|Any CPU.ActiveCfg = Release|Any CPU
		{1B98B688-501A-3FA9-A0E7-CD8017A91CCB}.Release|Any CPU.Build.0 = Release|Any CPU
		{EBB5960E-491A-3BC1-16E0-3E8581CD10B6}.Debug|Any CPU.ActiveCfg = Debug|Any CPU
		{EBB5960E-491A-3BC1-16E0-3E8581CD10B6}.Debug|Any CPU.Build.0 = Debug|Any CPU
		{EBB5960E-491A-3BC1-16E0-3E8581CD10B6}.Release|Any CPU.ActiveCfg = Release|Any CPU
		{EBB5960E-491A-3BC1-16E0-3E8581CD10B6}.Release|Any CPU.Build.0 = Release|Any CPU
	EndGlobalSection
	GlobalSection(SolutionProperties) = preSolution
		HideSolutionNode = FALSE
	EndGlobalSection
EndGlobal
